
Microsoft Visual Studio Solution File, Format Version 12.00
# Visual Studio Version 17
VisualStudioVersion = 17.2.32616.157
MinimumVisualStudioVersion = 10.0.40219.1
Project("{9A19103F-16F7-4668-BE54-9A1E7A4F7556}") = "BirthdayGeetingsKata.Tests", "test\BirthdayGeetingsKata.Tests\BirthdayGeetingsKata.Tests.csproj", "{5E12FB32-8617-4DA9-ADFE-8777152912A9}"
EndProject
Project("{9A19103F-16F7-4668-BE54-9A1E7A4F7556}") = "BirthdayGreetings.Domain", "src\BirthdayGreetings.Domain\BirthdayGreetings.Domain.csproj", "{A36015E8-B40D-44A2-B5B3-D3C7DAD1F11C}"
EndProject
Project("{9A19103F-16F7-4668-BE54-9A1E7A4F7556}") = "BirthdayGreetings.Infrastructure", "src\BirthdayGreetings.Infrastructure\BirthdayGreetings.Infrastructure.csproj", "{84F87F98-856D-4F66-AC4A-53445CD8407F}"
EndProject
Project("{9A19103F-16F7-4668-BE54-9A1E7A4F7556}") = "BirthdayGreetings", "src\BirthdayGreetings\BirthdayGreetings.csproj", "{0D4D6682-5BA0-4521-87C9-C79A2F1521D4}"
EndProject
Global
	GlobalSection(SolutionConfigurationPlatforms) = preSolution
		Debug|Any CPU = Debug|Any CPU
		Release|Any CPU = Release|Any CPU
	EndGlobalSection
	GlobalSection(ProjectConfigurationPlatforms) = postSolution
		{5E12FB32-8617-4DA9-ADFE-8777152912A9}.Debug|Any CPU.ActiveCfg = Debug|Any CPU
		{5E12FB32-8617-4DA9-ADFE-8777152912A9}.Debug|Any CPU.Build.0 = Debug|Any CPU
		{5E12FB32-8617-4DA9-ADFE-8777152912A9}.Release|Any CPU.ActiveCfg = Release|Any CPU
		{5E12FB32-8617-4DA9-ADFE-8777152912A9}.Release|Any CPU.Build.0 = Release|Any CPU
		{A36015E8-B40D-44A2-B5B3-D3C7DAD1F11C}.Debug|Any CPU.ActiveCfg = Debug|Any CPU
		{A36015E8-B40D-44A2-B5B3-D3C7DAD1F11C}.Debug|Any CPU.Build.0 = Debug|Any CPU
		{A36015E8-B40D-44A2-B5B3-D3C7DAD1F11C}.Release|Any CPU.ActiveCfg = Release|Any CPU
		{A36015E8-B40D-44A2-B5B3-D3C7DAD1F11C}.Release|Any CPU.Build.0 = Release|Any CPU
		{84F87F98-856D-4F66-AC4A-53445CD8407F}.Debug|Any CPU.ActiveCfg = Debug|Any CPU
		{84F87F98-856D-4F66-AC4A-53445CD8407F}.Debug|Any CPU.Build.0 = Debug|Any CPU
		{84F87F98-856D-4F66-AC4A-53445CD8407F}.Release|Any CPU.ActiveCfg = Release|Any CPU
		{84F87F98-856D-4F66-AC4A-53445CD8407F}.Release|Any CPU.Build.0 = Release|Any CPU
		{0D4D6682-5BA0-4521-87C9-C79A2F1521D4}.Debug|Any CPU.ActiveCfg = Debug|Any CPU
		{0D4D6682-5BA0-4521-87C9-C79A2F1521D4}.Debug|Any CPU.Build.0 = Debug|Any CPU
		{0D4D6682-5BA0-4521-87C9-C79A2F1521D4}.Release|Any CPU.ActiveCfg = Release|Any CPU
		{0D4D6682-5BA0-4521-87C9-C79A2F1521D4}.Release|Any CPU.Build.0 = Release|Any CPU
	EndGlobalSection
	GlobalSection(SolutionProperties) = preSolution
		HideSolutionNode = FALSE
	EndGlobalSection
	GlobalSection(ExtensibilityGlobals) = postSolution
		SolutionGuid = {4681C428-E1CE-4CB0-A4DE-02C97DEDE261}
	EndGlobalSection
EndGlobal
